
Microsoft Visual Studio Solution File, Format Version 12.00
# Visual Studio Version 16
VisualStudioVersion = 16.0.30717.126
MinimumVisualStudioVersion = 10.0.40219.1
Project("{FAE04EC0-301F-11D3-BF4B-00C04F79EFBC}") = "AXL.co", "AXL.co\AXL.co.csproj", "{355BE279-44C4-45A9-94C1-71F75D43D1FE}"
EndProject
Global
	GlobalSection(SolutionConfigurationPlatforms) = preSolution
		Debug|Any CPU = Debug|Any CPU
		Release|Any CPU = Release|Any CPU
	EndGlobalSection
	GlobalSection(ProjectConfigurationPlatforms) = postSolution
		{355BE279-44C4-45A9-94C1-71F75D43D1FE}.Debug|Any CPU.ActiveCfg = Debug|Any CPU
		{355BE279-44C4-45A9-94C1-71F75D43D1FE}.Debug|Any CPU.Build.0 = Debug|Any CPU
		{355BE279-44C4-45A9-94C1-71F75D43D1FE}.Release|Any CPU.ActiveCfg = Release|Any CPU
		{355BE279-44C4-45A9-94C1-71F75D43D1FE}.Release|Any CPU.Build.0 = Release|Any CPU
	EndGlobalSection
	GlobalSection(SolutionProperties) = preSolution
		HideSolutionNode = FALSE
	EndGlobalSection
	GlobalSection(ExtensibilityGlobals) = postSolution
		SolutionGuid = {A656F857-39AD-4BB1-B55B-889DEC50E182}
	EndGlobalSection
EndGlobal
